
Microsoft Visual Studio Solution File, Format Version 12.00
# Visual Studio Version 16
VisualStudioVersion = 16.0.32630.194
MinimumVisualStudioVersion = 10.0.40219.1
Project("{FAE04EC0-301F-11D3-BF4B-00C04F79EFBC}") = "BankingApplication", "BankingApplication\BankingApplication.csproj", "{F965A019-EEBC-4AD9-BB18-A8C59F129723}"
EndProject
Global
	GlobalSection(SolutionConfigurationPlatforms) = preSolution
		Debug|Any CPU = Debug|Any CPU
		Release|Any CPU = Release|Any CPU
	EndGlobalSection
	GlobalSection(ProjectConfigurationPlatforms) = postSolution
		{F965A019-EEBC-4AD9-BB18-A8C59F129723}.Debug|Any CPU.ActiveCfg = Debug|Any CPU
		{F965A019-EEBC-4AD9-BB18-A8C59F129723}.Debug|Any CPU.Build.0 = Debug|Any CPU
		{F965A019-EEBC-4AD9-BB18-A8C59F129723}.Release|Any CPU.ActiveCfg = Release|Any CPU
		{F965A019-EEBC-4AD9-BB18-A8C59F129723}.Release|Any CPU.Build.0 = Release|Any CPU
	EndGlobalSection
	GlobalSection(SolutionProperties) = preSolution
		HideSolutionNode = FALSE
	EndGlobalSection
	GlobalSection(ExtensibilityGlobals) = postSolution
		SolutionGuid = {FAD7D7B5-7F82-4B25-8440-9BB8227C20D5}
	EndGlobalSection
EndGlobal
